{
    "_meta": {
        "hash": {
            "sha256": "cc148ff00f7aef9887a8732fcd5a0386ab4f41fc1582d00af7d2376d500bba94"
        },
        "pipfile-spec": 6,
        "requires": {
            "python_version": "3.13"
        },
        "sources": [
            {
                "name": "pypi",
                "url": "https://pypi.org/simple",
                "verify_ssl": true
            }
        ]
    },
    "default": {
        "asttokens": {
            "hashes": [
                "sha256:051ed49c3dcae8913ea7cd08e46a606dba30b79993209636c4875bc1d637bc24",
                "sha256:b03869718ba9a6eb027e134bfdf69f38a236d681c83c160d510768af11254ba0"
            ],
            "version": "==2.4.1"
        },
        "build": {
            "hashes": [
                "sha256:1d61c0887fa860c01971625baae8bdd338e517b836a2f70dd1f7aa3a6b2fc5b5",
                "sha256:b36993e92ca9375a219c99e606a122ff365a760a2d4bba0caa09bd5278b608b7"
            ],
            "index": "pypi",
            "markers": "python_version >= '3.8'",
            "version": "==1.2.2.post1"
        },
        "colorama": {
            "hashes": [
                "sha256:08695f5cb7ed6e0531a20572697297273c47b8cae5a63ffc6d6ed5c201be6e44",
                "sha256:4f1d9991f5acc0ca119f9d443620b77f9d6b33703e51011c16baf57afb285fc6"
            ],
            "markers": "python_version >= '2.7' and python_version not in '3.0, 3.1, 3.2, 3.3, 3.4, 3.5, 3.6'",
            "version": "==0.4.6"
        },
        "coverage": {
            "extras": [
                "toml"
            ],
            "hashes": [
                "sha256:0266b62cbea568bd5e93a4da364d05de422110cbed5056d69339bd5af5685433",
                "sha256:0573f5cbf39114270842d01872952d301027d2d6e2d84013f30966313cadb529",
                "sha256:0ddcb70b3a3a57581b450571b31cb774f23eb9519c2aaa6176d3a84c9fc57671",
                "sha256:108bb458827765d538abcbf8288599fee07d2743357bdd9b9dad456c287e121e",
                "sha256:14045b8bfd5909196a90da145a37f9d335a5d988a83db34e80f41e965fb7cb42",
                "sha256:1a5407a75ca4abc20d6252efeb238377a71ce7bda849c26c7a9bece8680a5d99",
                "sha256:2bc3e45c16564cc72de09e37413262b9f99167803e5e48c6156bccdfb22c8327",
                "sha256:2d608a7808793e3615e54e9267519351c3ae204a6d85764d8337bd95993581a8",
                "sha256:34d23e28ccb26236718a3a78ba72744212aa383141961dd6825f6595005c8b06",
                "sha256:37a15573f988b67f7348916077c6d8ad43adb75e478d0910957394df397d2874",
                "sha256:3c0317288f032221d35fa4cbc35d9f4923ff0dfd176c79c9b356e8ef8ef2dff4",
                "sha256:3c42ec2c522e3ddd683dec5cdce8e62817afb648caedad9da725001fa530d354",
                "sha256:3c6b24007c4bcd0b19fac25763a7cac5035c735ae017e9a349b927cfc88f31c1",
                "sha256:40cca284c7c310d622a1677f105e8507441d1bb7c226f41978ba7c86979609ab",
                "sha256:46f21663e358beae6b368429ffadf14ed0a329996248a847a4322fb2e35d64d3",
                "sha256:49ed5ee4109258973630c1f9d099c7e72c5c36605029f3a91fe9982c6076c82b",
                "sha256:5c95e0fa3d1547cb6f021ab72f5c23402da2358beec0a8e6d19a368bd7b0fb37",
                "sha256:5dd4e4a49d9c72a38d18d641135d2fb0bdf7b726ca60a103836b3d00a1182acd",
                "sha256:5e444b8e88339a2a67ce07d41faabb1d60d1004820cee5a2c2b54e2d8e429a0f",
                "sha256:60dcf7605c50ea72a14490d0756daffef77a5be15ed1b9fea468b1c7bda1bc3b",
                "sha256:623e6965dcf4e28a3debaa6fcf4b99ee06d27218f46d43befe4db1c70841551c",
                "sha256:673184b3156cba06154825f25af33baa2671ddae6343f23175764e65a8c4c30b",
                "sha256:6cf96ceaa275f071f1bea3067f8fd43bec184a25a962c754024c973af871e1b7",
                "sha256:70a56a2ec1869e6e9fa69ef6b76b1a8a7ef709972b9cc473f9ce9d26b5997ce3",
                "sha256:77256ad2345c29fe59ae861aa11cfc74579c88d4e8dbf121cbe46b8e32aec808",
                "sha256:796c9b107d11d2d69e1849b2dfe41730134b526a49d3acb98ca02f4985eeff7a",
                "sha256:7c07de0d2a110f02af30883cd7dddbe704887617d5c27cf373362667445a4c76",
                "sha256:7e61b0e77ff4dddebb35a0e8bb5a68bf0f8b872407d8d9f0c726b65dfabe2469",
                "sha256:82c809a62e953867cf57e0548c2b8464207f5f3a6ff0e1e961683e79b89f2c55",
                "sha256:850cfd2d6fc26f8346f422920ac204e1d28814e32e3a58c19c91980fa74d8289",
                "sha256:87ea64b9fa52bf395272e54020537990a28078478167ade6c61da7ac04dc14bc",
                "sha256:90746521206c88bdb305a4bf3342b1b7316ab80f804d40c536fc7d329301ee13",
                "sha256:951aade8297358f3618a6e0660dc74f6b52233c42089d28525749fc8267dccd2",
                "sha256:963e4a08cbb0af6623e61492c0ec4c0ec5c5cf74db5f6564f98248d27ee57d30",
                "sha256:987a8e3da7da4eed10a20491cf790589a8e5e07656b6dc22d3814c4d88faf163",
                "sha256:9c2eb378bebb2c8f65befcb5147877fc1c9fbc640fc0aad3add759b5df79d55d",
                "sha256:a1ab9763d291a17b527ac6fd11d1a9a9c358280adb320e9c2672a97af346ac2c",
                "sha256:a3b925300484a3294d1c70f6b2b810d6526f2929de954e5b6be2bf8caa1f12c1",
                "sha256:acbb8af78f8f91b3b51f58f288c0994ba63c646bc1a8a22ad072e4e7e0a49f1c",
                "sha256:ad32a981bcdedb8d2ace03b05e4fd8dace8901eec64a532b00b15217d3677dd2",
                "sha256:aee9cf6b0134d6f932d219ce253ef0e624f4fa588ee64830fcba193269e4daa3",
                "sha256:af05bbba896c4472a29408455fe31b3797b4d8648ed0a2ccac03e074a77e2314",
                "sha256:b6cce5c76985f81da3769c52203ee94722cd5d5889731cd70d31fee939b74bf0",
                "sha256:bb684694e99d0b791a43e9fc0fa58efc15ec357ac48d25b619f207c41f2fd384",
                "sha256:c132b5a22821f9b143f87446805e13580b67c670a548b96da945a8f6b4f2efbb",
                "sha256:c296263093f099da4f51b3dff1eff5d4959b527d4f2f419e16508c5da9e15e8c",
                "sha256:c973b2fe4dc445cb865ab369df7521df9c27bf40715c837a113edaa2aa9faf45",
                "sha256:cdd94501d65adc5c24f8a1a0eda110452ba62b3f4aeaba01e021c1ed9cb8f34a",
                "sha256:d79d4826e41441c9a118ff045e4bccb9fdbdcb1d02413e7ea6eb5c87b5439d24",
                "sha256:dbba8210f5067398b2c4d96b4e64d8fb943644d5eb70be0d989067c8ca40c0f8",
                "sha256:df002e59f2d29e889c37abd0b9ee0d0e6e38c24f5f55d71ff0e09e3412a340ec",
                "sha256:dfd14bcae0c94004baba5184d1c935ae0d1231b8409eb6c103a5fd75e8ecdc56",
                "sha256:e25bacb53a8c7325e34d45dddd2f2fbae0dbc230d0e2642e264a64e17322a777",
                "sha256:e2c8e3384c12dfa19fa9a52f23eb091a8fad93b5b81a41b14c17c78e23dd1d8b",
                "sha256:e5f2a0f161d126ccc7038f1f3029184dbdf8f018230af17ef6fd6a707a5b881f",
                "sha256:e69ad502f1a2243f739f5bd60565d14a278be58be4c137d90799f2c263e7049a",
                "sha256:ead9b9605c54d15be228687552916c89c9683c215370c4a44f1f217d2adcc34d",
                "sha256:f07ff574986bc3edb80e2c36391678a271d555f91fd1d332a1e0f4b5ea4b6ea9",
                "sha256:f2c7a045eef561e9544359a0bf5784b44e55cefc7261a20e730baa9220c83413",
                "sha256:f3e8796434a8106b3ac025fd15417315d7a58ee3e600ad4dbcfddc3f4b14342c",
                "sha256:f63e21ed474edd23f7501f89b53280014436e383a14b9bd77a648366c81dce7b",
                "sha256:fd49c01e5057a451c30c9b892948976f5d38f2cbd04dc556a82743ba8e27ed8c"
            ],
            "index": "pypi",
            "markers": "python_version >= '3.9'",
            "version": "==7.6.7"
        },
        "cython": {
            "hashes": [
                "sha256:0b1d1f6f94cc5d42a4591f6d60d616786b9cd15576b112bc92a23131fcf38020",
                "sha256:0e25f6425ad4a700d7f77cd468da9161e63658837d1bc34861a9861a4ef6346d",
                "sha256:0fc6fdd6fa493be7bdda22355689d5446ac944cd71286f6f44a14b0d67ee3ff5",
                "sha256:104d6f2f2c827ccc5e9e42c80ef6773a6aa94752fe6bc5b24a4eab4306fb7f07",
                "sha256:11996c40c32abf843ba652a6d53cb15944c88d91f91fc4e6f0028f5df8a8f8a1",
                "sha256:13062ce556a1e98d2821f7a0253b50569fdc98c36efd6653a65b21e3f8bbbf5f",
                "sha256:14701edb3107a5d9305a82d9d646c4f28bfecbba74b26cc1ee2f4be08f602057",
                "sha256:187685e25e037320cae513b8cc4bf9dbc4465c037051aede509cbbf207524de2",
                "sha256:1dd47865f4c0a224da73acf83d113f93488d17624e2457dce1753acdfb1cc40c",
                "sha256:221de0b48bf387f209003508e602ce839a80463522fc6f583ad3c8d5c890d2c1",
                "sha256:2252b5aa57621848e310fe7fa6f7dce5f73aa452884a183d201a8bcebfa05a00",
                "sha256:2a8ea2e7e2d3bc0d8630dafe6c4a5a89485598ff8a61885b74f8ed882597efd5",
                "sha256:301bde949b4f312a1c70e214b0c3bc51a3f955d466010d2f68eb042df36447b0",
                "sha256:3379c6521e25aa6cd7703bb7d635eaca75c0f9c7f1b0fdd6dd15a03bfac5f68d",
                "sha256:351955559b37e6c98b48aecb178894c311be9d731b297782f2b78d111f0c9015",
                "sha256:3699391125ab344d8d25438074d1097d9ba0fb674d0320599316cfe7cf5f002a",
                "sha256:3999fb52d3328a6a5e8c63122b0a8bd110dfcdb98dda585a3def1426b991cba7",
                "sha256:3f2b062f6df67e8a56c75e500ca330cf62c85ac26dd7fd006f07ef0f83aebfa3",
                "sha256:3ff8ac1f0ecd4f505db4ab051e58e4531f5d098b6ac03b91c3b902e8d10c67b3",
                "sha256:421017466e9260aca86823974e26e158e6358622f27c0f4da9c682f3b6d2e624",
                "sha256:4341d6a64d47112884e0bcf31e6c075268220ee4cd02223047182d4dda94d637",
                "sha256:44292aae17524abb4b70a25111fe7dec1a0ad718711d47e3786a211d5408fdaa",
                "sha256:46aec30f217bdf096175a1a639203d44ac73a36fe7fa3dd06bd012e8f39eca0f",
                "sha256:473d35681d9f93ce380e6a7c8feb2d65fc6333bd7117fbc62989e404e241dbb0",
                "sha256:4e9a8d92978b15a0c7ca7f98447c6c578dc8923a0941d9d172d0b077cb69c576",
                "sha256:52186101d51497519e99b60d955fd5cb3bf747c67f00d742e70ab913f1e42d31",
                "sha256:52205347e916dd65d2400b977df4c697390c3aae0e96275a438cc4ae85dadc08",
                "sha256:525d09b3405534763fa73bd78c8e51ac8264036ce4c16d37dfd1555a7da6d3a7",
                "sha256:53b6072a89049a991d07f42060f65398448365c59c9cb515c5925b9bdc9d71f8",
                "sha256:598699165cfa7c6d69513ee1bffc9e1fdd63b00b624409174c388538aa217975",
                "sha256:63f2c892e9f9c1698ecfee78205541623eb31cd3a1b682668be7ac12de94aa8e",
                "sha256:6823aef13669a32caf18bbb036de56065c485d9f558551a9b55061acf9c4c27f",
                "sha256:6fb68cef33684f8cc97987bee6ae919eee7e18ee6a3ad7ed9516b8386ef95ae6",
                "sha256:7146dd2af8682b4ca61331851e6aebce9fe5158e75300343f80c07ca80b1faff",
                "sha256:75ba1c70b6deeaffbac123856b8d35f253da13552207aa969078611c197377e4",
                "sha256:780f89c95b8aec1e403005b3bf2f0a2afa060b3eba168c86830f079339adad89",
                "sha256:790263b74432cb997740d73665f4d8d00b9cd1cecbdd981d93591ddf993d4f12",
                "sha256:8948802e1f5677a673ea5d22a1e7e273ca5f83e7a452786ca286eebf97cee67c",
                "sha256:8acdc87e9009110adbceb7569765eb0980129055cc954c62f99fe9f094c9505e",
                "sha256:8b14c24f1dc4c4c9d997cca8d1b7fb01187a218aab932328247dcf5694a10102",
                "sha256:989899a85f0d9a57cebb508bd1f194cb52f0e3f7e22ac259f33d148d6422375c",
                "sha256:9c02361af9bfa10ff1ccf967fc75159e56b1c8093caf565739ed77a559c1f29f",
                "sha256:a0583076c4152b417a3a8a5d81ec02f58c09b67d3f22d5857e64c8734ceada8c",
                "sha256:a1f4cbc70f6b7f0c939522118820e708e0d490edca42d852fa8004ec16780be2",
                "sha256:a690f2ff460682ea985e8d38ec541be97e0977fa0544aadc21efc116ff8d7579",
                "sha256:a75d45fbc20651c1b72e4111149fed3b33d270b0a4fb78328c54d965f28d55e1",
                "sha256:aedceb6090a60854b31bf9571dc55f642a3fa5b91f11b62bcef167c52cac93d8",
                "sha256:af91497dc098718e634d6ec8f91b182aea6bb3690f333fc9a7777bc70abe8810",
                "sha256:b4ab2b92a3e6ed552adbe9350fd2ef3aa0cc7853cf91569f9dbed0c0699bbeab",
                "sha256:b8c7e514075696ca0f60c337f9e416e61d7ccbc1aa879a56c39181ed90ec3059",
                "sha256:bcd29945fafd12484cf37b1d84f12f0e7a33ba3eac5836531c6bd5283a6b3a0c",
                "sha256:bfa550d9ae39e827a6e7198076df763571cb53397084974a6948af558355e028",
                "sha256:c3d68751668c66c7a140b6023dba5d5d507f72063407bb609d3a5b0f3b8dfbe4",
                "sha256:c69d5cad51388522b98a99b4be1b77316de85b0c0523fa865e0ea58bbb622e0a",
                "sha256:c8eed5c015685106db15dd103fd040948ddca9197b1dd02222711815ea782a27",
                "sha256:cee29846471ce60226b18e931d8c1c66a158db94853e3e79bc2da9bd22345008",
                "sha256:d02f4ebe15aac7cdacce1a628e556c1983f26d140fd2e0ac5e0a090e605a2d38",
                "sha256:d566a4e09b8979be8ab9f843bac0dd216c81f5e5f45661a9b25cd162ed80508c",
                "sha256:d80a7232938d523c1a12f6b1794ab5efb1ae77ad3fde79de4bb558d8ab261619",
                "sha256:d89a82937ce4037f092e9848a7bbcc65bc8e9fc9aef2bb74f5c15e7d21a73080",
                "sha256:da394654c6da15c1d37f0b7ec5afd325c69a15ceafee2afba14b67a5df8a82c8",
                "sha256:ddd1fe25af330f4e003421636746a546474e4ccd8f239f55d2898d80983d20ed",
                "sha256:e6dd395d1a704e34a9fac00b25f0036dce6654c6b898be6f872ac2bb4f2eda48",
                "sha256:eeb6860b0f4bfa402de8929833fe5370fa34069c7ebacb2d543cb017f21fb891",
                "sha256:f3953d2f504176f929862e5579cfc421860c33e9707f585d70d24e1096accdf7",
                "sha256:f988f7f8164a6079c705c39e2d75dbe9967e3dacafe041420d9af7b9ee424162"
            ],
            "index": "pypi",
            "markers": "python_version >= '2.7' and python_version not in '3.0, 3.1, 3.2, 3.3'",
            "version": "==3.0.11"
        },
        "decorator": {
            "hashes": [
                "sha256:637996211036b6385ef91435e4fae22989472f9d571faba8927ba8253acbc330",
                "sha256:b8c3f85900b9dc423225913c5aace94729fe1fa9763b38939a95226f02d37186"
            ],
            "markers": "python_version >= '3.5'",
            "version": "==5.1.1"
        },
        "executing": {
            "hashes": [
                "sha256:8d63781349375b5ebccc3142f4b30350c0cd9c79f921cde38be2be4637e98eaf",
                "sha256:8ea27ddd260da8150fa5a708269c4a10e76161e2496ec3e587da9e3c0fe4b9ab"
            ],
            "markers": "python_version >= '3.8'",
            "version": "==2.1.0"
        },
        "iniconfig": {
            "hashes": [
                "sha256:2d91e135bf72d31a410b17c16da610a82cb55f6b0477d1a902134b24a455b8b3",
                "sha256:b6a85871a79d2e3b22d2d1b94ac2824226a63c6b741c88f7ae975f18b6778374"
            ],
            "markers": "python_version >= '3.7'",
            "version": "==2.0.0"
        },
        "ipython": {
            "hashes": [
                "sha256:0188a1bd83267192123ccea7f4a8ed0a78910535dbaa3f37671dca76ebd429c8",
                "sha256:40b60e15b22591450eef73e40a027cf77bd652e757523eebc5bd7c7c498290eb"
            ],
            "index": "pypi",
            "markers": "python_version >= '3.10'",
            "version": "==8.29.0"
        },
        "jedi": {
            "hashes": [
                "sha256:4770dc3de41bde3966b02eb84fbcf557fb33cce26ad23da12c742fb50ecb11f0",
                "sha256:a8ef22bde8490f57fe5c7681a3c83cb58874daf72b4784de3cce5b6ef6edb5b9"
            ],
            "markers": "python_version >= '3.6'",
            "version": "==0.19.2"
        },
        "joblib": {
            "hashes": [
                "sha256:06d478d5674cbc267e7496a410ee875abd68e4340feff4490bcb7afb88060ae6",
                "sha256:2382c5816b2636fbd20a09e0f4e9dad4736765fdfb7dca582943b9c1366b3f0e"
            ],
            "markers": "python_version >= '3.8'",
            "version": "==1.4.2"
        },
        "matplotlib-inline": {
            "hashes": [
                "sha256:8423b23ec666be3d16e16b60bdd8ac4e86e840ebd1dd11a30b9f117f2fa0ab90",
                "sha256:df192d39a4ff8f21b1895d72e6a13f5fcc5099f00fa84384e0ea28c2cc0653ca"
            ],
            "markers": "python_version >= '3.8'",
            "version": "==0.1.7"
        },
        "numpy": {
            "hashes": [
                "sha256:016d0f6f5e77b0f0d45d77387ffa4bb89816b57c835580c3ce8e099ef830befe",
                "sha256:02135ade8b8a84011cbb67dc44e07c58f28575cf9ecf8ab304e51c05528c19f0",
                "sha256:08788d27a5fd867a663f6fc753fd7c3ad7e92747efc73c53bca2f19f8bc06f48",
                "sha256:0d30c543f02e84e92c4b1f415b7c6b5326cbe45ee7882b6b77db7195fb971e3a",
                "sha256:0fa14563cc46422e99daef53d725d0c326e99e468a9320a240affffe87852564",
                "sha256:13138eadd4f4da03074851a698ffa7e405f41a0845a6b1ad135b81596e4e9958",
                "sha256:14e253bd43fc6b37af4921b10f6add6925878a42a0c5fe83daee390bca80bc17",
                "sha256:15cb89f39fa6d0bdfb600ea24b250e5f1a3df23f901f51c8debaa6a5d122b2f0",
                "sha256:17ee83a1f4fef3c94d16dc1802b998668b5419362c8a4f4e8a491de1b41cc3ee",
                "sha256:2312b2aa89e1f43ecea6da6ea9a810d06aae08321609d8dc0d0eda6d946a541b",
                "sha256:2564fbdf2b99b3f815f2107c1bbc93e2de8ee655a69c261363a1172a79a257d4",
                "sha256:3522b0dfe983a575e6a9ab3a4a4dfe156c3e428468ff08ce582b9bb6bd1d71d4",
                "sha256:4394bc0dbd074b7f9b52024832d16e019decebf86caf909d94f6b3f77a8ee3b6",
                "sha256:45966d859916ad02b779706bb43b954281db43e185015df6eb3323120188f9e4",
                "sha256:4d1167c53b93f1f5d8a139a742b3c6f4d429b54e74e6b57d0eff40045187b15d",
                "sha256:4f2015dfe437dfebbfce7c85c7b53d81ba49e71ba7eadbf1df40c915af75979f",
                "sha256:50ca6aba6e163363f132b5c101ba078b8cbd3fa92c7865fd7d4d62d9779ac29f",
                "sha256:50d18c4358a0a8a53f12a8ba9d772ab2d460321e6a93d6064fc22443d189853f",
                "sha256:5641516794ca9e5f8a4d17bb45446998c6554704d888f86df9b200e66bdcce56",
                "sha256:576a1c1d25e9e02ed7fa5477f30a127fe56debd53b8d2c89d5578f9857d03ca9",
                "sha256:6a4825252fcc430a182ac4dee5a505053d262c807f8a924603d411f6718b88fd",
                "sha256:72dcc4a35a8515d83e76b58fdf8113a5c969ccd505c8a946759b24e3182d1f23",
                "sha256:747641635d3d44bcb380d950679462fae44f54b131be347d5ec2bce47d3df9ed",
                "sha256:762479be47a4863e261a840e8e01608d124ee1361e48b96916f38b119cfda04a",
                "sha256:78574ac2d1a4a02421f25da9559850d59457bac82f2b8d7a44fe83a64f770098",
                "sha256:825656d0743699c529c5943554d223c021ff0494ff1442152ce887ef4f7561a1",
                "sha256:8637dcd2caa676e475503d1f8fdb327bc495554e10838019651b76d17b98e512",
                "sha256:96fe52fcdb9345b7cd82ecd34547fca4321f7656d500eca497eb7ea5a926692f",
                "sha256:973faafebaae4c0aaa1a1ca1ce02434554d67e628b8d805e61f874b84e136b09",
                "sha256:996bb9399059c5b82f76b53ff8bb686069c05acc94656bb259b1d63d04a9506f",
                "sha256:a38c19106902bb19351b83802531fea19dee18e5b37b36454f27f11ff956f7fc",
                "sha256:a6b46587b14b888e95e4a24d7b13ae91fa22386c199ee7b418f449032b2fa3b8",
                "sha256:a9f7f672a3388133335589cfca93ed468509cb7b93ba3105fce780d04a6576a0",
                "sha256:aa08e04e08aaf974d4458def539dece0d28146d866a39da5639596f4921fd761",
                "sha256:b0df3635b9c8ef48bd3be5f862cf71b0a4716fa0e702155c45067c6b711ddcef",
                "sha256:b47fbb433d3260adcd51eb54f92a2ffbc90a4595f8970ee00e064c644ac788f5",
                "sha256:baed7e8d7481bfe0874b566850cb0b85243e982388b7b23348c6db2ee2b2ae8e",
                "sha256:bc6f24b3d1ecc1eebfbf5d6051faa49af40b03be1aaa781ebdadcbc090b4539b",
                "sha256:c006b607a865b07cd981ccb218a04fc86b600411d83d6fc261357f1c0966755d",
                "sha256:c181ba05ce8299c7aa3125c27b9c2167bca4a4445b7ce73d5febc411ca692e43",
                "sha256:c7662f0e3673fe4e832fe07b65c50342ea27d989f92c80355658c7f888fcc83c",
                "sha256:c80e4a09b3d95b4e1cac08643f1152fa71a0a821a2d4277334c88d54b2219a41",
                "sha256:c894b4305373b9c5576d7a12b473702afdf48ce5369c074ba304cc5ad8730dff",
                "sha256:d7aac50327da5d208db2eec22eb11e491e3fe13d22653dce51b0f4109101b408",
                "sha256:d89dd2b6da69c4fff5e39c28a382199ddedc3a5be5390115608345dec660b9e2",
                "sha256:d9beb777a78c331580705326d2367488d5bc473b49a9bc3036c154832520aca9",
                "sha256:dc258a761a16daa791081d026f0ed4399b582712e6fc887a95af09df10c5ca57",
                "sha256:e14e26956e6f1696070788252dcdff11b4aca4c3e8bd166e0df1bb8f315a67cb",
                "sha256:e6988e90fcf617da2b5c78902fe8e668361b43b4fe26dbf2d7b0f8034d4cafb9",
                "sha256:e711e02f49e176a01d0349d82cb5f05ba4db7d5e7e0defd026328e5cfb3226d3",
                "sha256:ea4dedd6e394a9c180b33c2c872b92f7ce0f8e7ad93e9585312b0c5a04777a4a",
                "sha256:ecc76a9ba2911d8d37ac01de72834d8849e55473457558e12995f4cd53e778e0",
                "sha256:f55ba01150f52b1027829b50d70ef1dafd9821ea82905b63936668403c3b471e",
                "sha256:f653490b33e9c3a4c1c01d41bc2aef08f9475af51146e4a7710c450cf9761598",
                "sha256:fa2d1337dc61c8dc417fbccf20f6d1e139896a30721b7f1e832b2bb6ef4eb6c4"
            ],
            "index": "pypi",
            "markers": "python_version >= '3.10'",
            "version": "==2.1.3"
        },
        "packaging": {
            "hashes": [
                "sha256:09abb1bccd265c01f4a3aa3f7a7db064b36514d2cba19a2f694fe6150451a759",
                "sha256:c228a6dc5e932d346bc5739379109d49e8853dd8223571c7c5b55260edc0b97f"
            ],
            "markers": "python_version >= '3.8'",
            "version": "==24.2"
        },
        "pandas": {
            "hashes": [
                "sha256:062309c1b9ea12a50e8ce661145c6aab431b1e99530d3cd60640e255778bd43a",
                "sha256:15c0e1e02e93116177d29ff83e8b1619c93ddc9c49083f237d4312337a61165d",
                "sha256:1948ddde24197a0f7add2bdc4ca83bf2b1ef84a1bc8ccffd95eda17fd836ecb5",
                "sha256:1db71525a1538b30142094edb9adc10be3f3e176748cd7acc2240c2f2e5aa3a4",
                "sha256:22a9d949bfc9a502d320aa04e5d02feab689d61da4e7764b62c30b991c42c5f0",
                "sha256:29401dbfa9ad77319367d36940cd8a0b3a11aba16063e39632d98b0e931ddf32",
                "sha256:31d0ced62d4ea3e231a9f228366919a5ea0b07440d9d4dac345376fd8e1477ea",
                "sha256:3508d914817e153ad359d7e069d752cdd736a247c322d932eb89e6bc84217f28",
                "sha256:37e0aced3e8f539eccf2e099f65cdb9c8aa85109b0be6e93e2baff94264bdc6f",
                "sha256:381175499d3802cde0eabbaf6324cce0c4f5d52ca6f8c377c29ad442f50f6348",
                "sha256:38cf8125c40dae9d5acc10fa66af8ea6fdf760b2714ee482ca691fc66e6fcb18",
                "sha256:3b71f27954685ee685317063bf13c7709a7ba74fc996b84fc6821c59b0f06468",
                "sha256:3fc6873a41186404dad67245896a6e440baacc92f5b716ccd1bc9ed2995ab2c5",
                "sha256:4850ba03528b6dd51d6c5d273c46f183f39a9baf3f0143e566b89450965b105e",
                "sha256:4f18ba62b61d7e192368b84517265a99b4d7ee8912f8708660fb4a366cc82667",
                "sha256:56534ce0746a58afaf7942ba4863e0ef81c9c50d3f0ae93e9497d6a41a057645",
                "sha256:59ef3764d0fe818125a5097d2ae867ca3fa64df032331b7e0917cf5d7bf66b13",
                "sha256:5dbca4c1acd72e8eeef4753eeca07de9b1db4f398669d5994086f788a5d7cc30",
                "sha256:5de54125a92bb4d1c051c0659e6fcb75256bf799a732a87184e5ea503965bce3",
                "sha256:61c5ad4043f791b61dd4752191d9f07f0ae412515d59ba8f005832a532f8736d",
                "sha256:6374c452ff3ec675a8f46fd9ab25c4ad0ba590b71cf0656f8b6daa5202bca3fb",
                "sha256:63cc132e40a2e084cf01adf0775b15ac515ba905d7dcca47e9a251819c575ef3",
                "sha256:66108071e1b935240e74525006034333f98bcdb87ea116de573a6a0dccb6c039",
                "sha256:6dfcb5ee8d4d50c06a51c2fffa6cff6272098ad6540aed1a76d15fb9318194d8",
                "sha256:7c2875855b0ff77b2a64a0365e24455d9990730d6431b9e0ee18ad8acee13dbd",
                "sha256:7eee9e7cea6adf3e3d24e304ac6b8300646e2a5d1cd3a3c2abed9101b0846761",
                "sha256:800250ecdadb6d9c78eae4990da62743b857b470883fa27f652db8bdde7f6659",
                "sha256:86976a1c5b25ae3f8ccae3a5306e443569ee3c3faf444dfd0f41cda24667ad57",
                "sha256:8cd6d7cc958a3910f934ea8dbdf17b2364827bb4dafc38ce6eef6bb3d65ff09c",
                "sha256:99df71520d25fade9db7c1076ac94eb994f4d2673ef2aa2e86ee039b6746d20c",
                "sha256:a5a1595fe639f5988ba6a8e5bc9649af3baf26df3998a0abe56c02609392e0a4",
                "sha256:ad5b65698ab28ed8d7f18790a0dc58005c7629f227be9ecc1072aa74c0c1d43a",
                "sha256:b1d432e8d08679a40e2a6d8b2f9770a5c21793a6f9f47fdd52c5ce1948a5a8a9",
                "sha256:b8661b0238a69d7aafe156b7fa86c44b881387509653fdf857bebc5e4008ad42",
                "sha256:ba96630bc17c875161df3818780af30e43be9b166ce51c9a18c1feae342906c2",
                "sha256:bc6b93f9b966093cb0fd62ff1a7e4c09e6d546ad7c1de191767baffc57628f39",
                "sha256:c124333816c3a9b03fbeef3a9f230ba9a737e9e5bb4060aa2107a86cc0a497fc",
                "sha256:cd8d0c3be0515c12fed0bdbae072551c8b54b7192c7b1fda0ba56059a0179698",
                "sha256:d9c45366def9a3dd85a6454c0e7908f2b3b8e9c138f5dc38fed7ce720d8453ed",
                "sha256:f00d1345d84d8c86a63e476bb4955e46458b304b9575dcf71102b5c705320015",
                "sha256:f3a255b2c19987fbbe62a9dfd6cff7ff2aa9ccab3fc75218fd4b7530f01efa24",
                "sha256:fffb8ae78d8af97f849404f21411c95062db1496aeb3e56f146f0355c9989319"
            ],
            "index": "pypi",
            "markers": "python_version >= '3.9'",
            "version": "==2.2.3"
        },
        "parso": {
            "hashes": [
                "sha256:a418670a20291dacd2dddc80c377c5c3791378ee1e8d12bffc35420643d43f18",
                "sha256:eb3a7b58240fb99099a345571deecc0f9540ea5f4dd2fe14c2a99d6b281ab92d"
            ],
            "markers": "python_version >= '3.6'",
            "version": "==0.8.4"
        },
        "patsy": {
            "hashes": [
                "sha256:751fb38f9e97e62312e921a1954b81e1bb2bcda4f5eeabaf94db251ee791509c",
                "sha256:e786a9391eec818c054e359b737bbce692f051aee4c661f4141cc88fb459c0c4"
            ],
            "markers": "python_version >= '3.6'",
            "version": "==1.0.1"
        },
        "pluggy": {
            "hashes": [
                "sha256:2cffa88e94fdc978c4c574f15f9e59b7f4201d439195c3715ca9e2486f1d0cf1",
                "sha256:44e1ad92c8ca002de6377e165f3e0f1be63266ab4d554740532335b9d75ea669"
            ],
            "markers": "python_version >= '3.8'",
            "version": "==1.5.0"
        },
        "prompt-toolkit": {
            "hashes": [
                "sha256:d6623ab0477a80df74e646bdbc93621143f5caf104206aa29294d53de1a03d90",
                "sha256:f49a827f90062e411f1ce1f854f2aedb3c23353244f8108b89283587397ac10e"
            ],
            "markers": "python_full_version >= '3.7.0'",
            "version": "==3.0.48"
        },
        "pure-eval": {
            "hashes": [
                "sha256:1db8e35b67b3d218d818ae653e27f06c3aa420901fa7b081ca98cbedc874e0d0",
                "sha256:5f4e983f40564c576c7c8635ae88db5956bb2229d7e9237d03b3c0b0190eaf42"
            ],
            "version": "==0.2.3"
        },
        "pygments": {
            "hashes": [
                "sha256:786ff802f32e91311bff3889f6e9a86e81505fe99f2735bb6d60ae0c5004f199",
                "sha256:b8e6aca0523f3ab76fee51799c488e38782ac06eafcf95e7ba832985c8e7b13a"
            ],
            "markers": "python_version >= '3.8'",
            "version": "==2.18.0"
        },
        "pyproject-hooks": {
            "hashes": [
                "sha256:1e859bd5c40fae9448642dd871adf459e5e2084186e8d2c2a79a824c970da1f8",
                "sha256:9e5c6bfa8dcc30091c74b0cf803c81fdd29d94f01992a7707bc97babb1141913"
            ],
            "markers": "python_version >= '3.7'",
            "version": "==1.2.0"
        },
        "pytest": {
            "hashes": [
                "sha256:70b98107bd648308a7952b06e6ca9a50bc660be218d53c257cc1fc94fda10181",
                "sha256:a6853c7375b2663155079443d2e45de913a911a11d669df02a50814944db57b2"
            ],
            "index": "pypi",
            "markers": "python_version >= '3.8'",
            "version": "==8.3.3"
        },
        "pytest-cov": {
            "hashes": [
                "sha256:eee6f1b9e61008bd34975a4d5bab25801eb31898b032dd55addc93e96fcaaa35",
                "sha256:fde0b595ca248bb8e2d76f020b465f3b107c9632e6a1d1705f17834c89dcadc0"
            ],
            "index": "pypi",
            "markers": "python_version >= '3.9'",
            "version": "==6.0.0"
        },
        "python-dateutil": {
            "hashes": [
                "sha256:37dd54208da7e1cd875388217d5e00ebd4179249f90fb72437e91a35459a0ad3",
                "sha256:a8b2bc7bffae282281c8140a97d3aa9c14da0b136dfe83f850eea9a5f7470427"
            ],
            "markers": "python_version >= '2.7' and python_version not in '3.0, 3.1, 3.2'",
            "version": "==2.9.0.post0"
        },
        "pytz": {
            "hashes": [
                "sha256:2aa355083c50a0f93fa581709deac0c9ad65cca8a9e9beac660adcbd493c798a",
                "sha256:31c7c1817eb7fae7ca4b8c7ee50c72f93aa2dd863de768e1ef4245d426aa0725"
            ],
            "version": "==2024.2"
        },
        "scikit-learn": {
            "hashes": [
                "sha256:03b6158efa3faaf1feea3faa884c840ebd61b6484167c711548fce208ea09445",
                "sha256:178ddd0a5cb0044464fc1bfc4cca5b1833bfc7bb022d70b05db8530da4bb3dd3",
                "sha256:1ff45e26928d3b4eb767a8f14a9a6efbf1cbff7c05d1fb0f95f211a89fd4f5de",
                "sha256:299406827fb9a4f862626d0fe6c122f5f87f8910b86fe5daa4c32dcd742139b6",
                "sha256:2d4cad1119c77930b235579ad0dc25e65c917e756fe80cab96aa3b9428bd3fb0",
                "sha256:394397841449853c2290a32050382edaec3da89e35b3e03d6cc966aebc6a8ae6",
                "sha256:3a686885a4b3818d9e62904d91b57fa757fc2bed3e465c8b177be652f4dd37c8",
                "sha256:3b923d119d65b7bd555c73be5423bf06c0105678ce7e1f558cb4b40b0a5502b1",
                "sha256:3bed4909ba187aca80580fe2ef370d9180dcf18e621a27c4cf2ef10d279a7efe",
                "sha256:52788f48b5d8bca5c0736c175fa6bdaab2ef00a8f536cda698db61bd89c551c1",
                "sha256:57cc1786cfd6bd118220a92ede80270132aa353647684efa385a74244a41e3b1",
                "sha256:643964678f4b5fbdc95cbf8aec638acc7aa70f5f79ee2cdad1eec3df4ba6ead8",
                "sha256:6c16d84a0d45e4894832b3c4d0bf73050939e21b99b01b6fd59cbb0cf39163b6",
                "sha256:757c7d514ddb00ae249832fe87100d9c73c6ea91423802872d9e74970a0e40b9",
                "sha256:8c412ccc2ad9bf3755915e3908e677b367ebc8d010acbb3f182814524f2e5540",
                "sha256:b0768ad641981f5d3a198430a1d31c3e044ed2e8a6f22166b4d546a5116d7908",
                "sha256:b4237ed7b3fdd0a4882792e68ef2545d5baa50aca3bb45aa7df468138ad8f94d",
                "sha256:b7b0f9a0b1040830d38c39b91b3a44e1b643f4b36e36567b80b7c6bd2202a27f",
                "sha256:c15b1ca23d7c5f33cc2cb0a0d6aaacf893792271cddff0edbd6a40e8319bc113",
                "sha256:ca64b3089a6d9b9363cd3546f8978229dcbb737aceb2c12144ee3f70f95684b7",
                "sha256:e9a702e2de732bbb20d3bad29ebd77fc05a6b427dc49964300340e4c9328b3f5",
                "sha256:f60021ec1574e56632be2a36b946f8143bf4e5e6af4a06d85281adc22938e0dd",
                "sha256:f7284ade780084d94505632241bf78c44ab3b6f1e8ccab3d2af58e0e950f9c12",
                "sha256:f763897fe92d0e903aa4847b0aec0e68cadfff77e8a0687cabd946c89d17e675",
                "sha256:f8b0ccd4a902836493e026c03256e8b206656f91fbcc4fde28c57a5b752561f1",
                "sha256:f932a02c3f4956dfb981391ab24bda1dbd90fe3d628e4b42caef3e041c67707a"
            ],
            "index": "pypi",
            "markers": "python_version >= '3.9'",
            "version": "==1.5.2"
        },
        "scipy": {
            "hashes": [
                "sha256:0c2f95de3b04e26f5f3ad5bb05e74ba7f68b837133a4492414b3afd79dfe540e",
                "sha256:1729560c906963fc8389f6aac023739ff3983e727b1a4d87696b7bf108316a79",
                "sha256:278266012eb69f4a720827bdd2dc54b2271c97d84255b2faaa8f161a158c3b37",
                "sha256:2843f2d527d9eebec9a43e6b406fb7266f3af25a751aa91d62ff416f54170bc5",
                "sha256:2da0469a4ef0ecd3693761acbdc20f2fdeafb69e6819cc081308cc978153c675",
                "sha256:2ff0a7e01e422c15739ecd64432743cf7aae2b03f3084288f399affcefe5222d",
                "sha256:2ff38e22128e6c03ff73b6bb0f85f897d2362f8c052e3b8ad00532198fbdae3f",
                "sha256:30ac8812c1d2aab7131a79ba62933a2a76f582d5dbbc695192453dae67ad6310",
                "sha256:3a1b111fac6baec1c1d92f27e76511c9e7218f1695d61b59e05e0fe04dc59617",
                "sha256:4079b90df244709e675cdc8b93bfd8a395d59af40b72e339c2287c91860deb8e",
                "sha256:5149e3fd2d686e42144a093b206aef01932a0059c2a33ddfa67f5f035bdfe13e",
                "sha256:5a275584e726026a5699459aa72f828a610821006228e841b94275c4a7c08417",
                "sha256:631f07b3734d34aced009aaf6fedfd0eb3498a97e581c3b1e5f14a04164a456d",
                "sha256:716e389b694c4bb564b4fc0c51bc84d381735e0d39d3f26ec1af2556ec6aad94",
                "sha256:8426251ad1e4ad903a4514712d2fa8fdd5382c978010d1c6f5f37ef286a713ad",
                "sha256:8475230e55549ab3f207bff11ebfc91c805dc3463ef62eda3ccf593254524ce8",
                "sha256:8bddf15838ba768bb5f5083c1ea012d64c9a444e16192762bd858f1e126196d0",
                "sha256:8e32dced201274bf96899e6491d9ba3e9a5f6b336708656466ad0522d8528f69",
                "sha256:8f9ea80f2e65bdaa0b7627fb00cbeb2daf163caa015e59b7516395fe3bd1e066",
                "sha256:97c5dddd5932bd2a1a31c927ba5e1463a53b87ca96b5c9bdf5dfd6096e27efc3",
                "sha256:a49f6ed96f83966f576b33a44257d869756df6cf1ef4934f59dd58b25e0327e5",
                "sha256:af29a935803cc707ab2ed7791c44288a682f9c8107bc00f0eccc4f92c08d6e07",
                "sha256:b05d43735bb2f07d689f56f7b474788a13ed8adc484a85aa65c0fd931cf9ccd2",
                "sha256:b28d2ca4add7ac16ae8bb6632a3c86e4b9e4d52d3e34267f6e1b0c1f8d87e389",
                "sha256:b99722ea48b7ea25e8e015e8341ae74624f72e5f21fc2abd45f3a93266de4c5d",
                "sha256:baff393942b550823bfce952bb62270ee17504d02a1801d7fd0719534dfb9c84",
                "sha256:c0ee987efa6737242745f347835da2cc5bb9f1b42996a4d97d5c7ff7928cb6f2",
                "sha256:d0d2821003174de06b69e58cef2316a6622b60ee613121199cb2852a873f8cf3",
                "sha256:e0cf28db0f24a38b2a0ca33a85a54852586e43cf6fd876365c86e0657cfe7d73",
                "sha256:e4f5a7c49323533f9103d4dacf4e4f07078f360743dec7f7596949149efeec06",
                "sha256:eb58ca0abd96911932f688528977858681a59d61a7ce908ffd355957f7025cfc",
                "sha256:edaf02b82cd7639db00dbff629995ef185c8df4c3ffa71a5562a595765a06ce1",
                "sha256:fef8c87f8abfb884dac04e97824b61299880c43f4ce675dd2cbeadd3c9b466d2"
            ],
            "index": "pypi",
            "markers": "python_version >= '3.10'",
            "version": "==1.14.1"
        },
        "setuptools": {
            "hashes": [
                "sha256:5c4ccb41111392671f02bb5f8436dfc5a9a7185e80500531b133f5775c4163ef",
                "sha256:87cb777c3b96d638ca02031192d40390e0ad97737e27b6b4fa831bea86f2f829"
            ],
            "index": "pypi",
            "markers": "python_version >= '3.9'",
            "version": "==75.5.0"
        },
        "six": {
            "hashes": [
                "sha256:1e61c37477a1626458e36f7b1d82aa5c9b094fa4802892072e49de9c60c4c926",
                "sha256:8abb2f1d86890a2dfb989f9a77cfcfd3e47c2a354b01111771326f8aa26e0254"
            ],
            "markers": "python_version >= '2.7' and python_version not in '3.0, 3.1, 3.2'",
            "version": "==1.16.0"
        },
        "stack-data": {
            "hashes": [
                "sha256:836a778de4fec4dcd1dcd89ed8abff8a221f58308462e1c4aa2a3cf30148f0b9",
                "sha256:d5558e0c25a4cb0853cddad3d77da9891a08cb85dd9f9f91b9f8cd66e511e695"
            ],
            "version": "==0.6.3"
        },
        "statsmodels": {
            "hashes": [
                "sha256:1322286a7bfdde2790bf72d29698a1b76c20b8423a55bdcd0d457969d0041f72",
                "sha256:17672b30c6b98afe2b095591e32d1d66d4372f2651428e433f16a3667f19eabb",
                "sha256:2a337b731aa365d09bb0eab6da81446c04fde6c31976b1d8e3d3a911f0f1e07b",
                "sha256:3bb2e580d382545a65f298589809af29daeb15f9da2eb252af8f79693e618abc",
                "sha256:46ac7ddefac0c9b7b607eed1d47d11e26fe92a1bc1f4d9af48aeed4e21e87981",
                "sha256:4793b01b7a5f5424f5a1dbcefc614c83c7608aa2b035f087538253007c339d5d",
                "sha256:4bbb150620b53133d6cd1c5d14c28a4f85701e6c781d9b689b53681effaa655f",
                "sha256:5221dba7424cf4f2561b22e9081de85f5bb871228581124a0d1b572708545199",
                "sha256:5d69e0f39060dc72c067f9bb6e8033b6dccdb0bae101d76a7ef0bcc94e898b67",
                "sha256:5ed7e118e6e3e02d6723a079b8c97eaadeed943fa1f7f619f7148dfc7862670f",
                "sha256:631bb52159117c5da42ba94bd94859276b68cab25dc4cac86475bc24671143bc",
                "sha256:6e9ddefba1d4e1107c1f20f601b0581421ea3ad9fd75ce3c2ba6a76b6dc4682c",
                "sha256:6f43da7957e00190104c5dd0f661bfc6dfc68b87313e3f9c4dbd5e7d222e0aeb",
                "sha256:7a62f1fc9086e4b7ee789a6f66b3c0fc82dd8de1edda1522d30901a0aa45e42b",
                "sha256:7f7917a51766b4e074da283c507a25048ad29a18e527207883d73535e0dc6184",
                "sha256:81030108d27aecc7995cac05aa280cf8c6025f6a6119894eef648997936c2dd0",
                "sha256:8286f69a5e1d0e0b366ffed5691140c83d3efc75da6dbf34a3d06e88abfaaab6",
                "sha256:91341cbde9e8bea5fb419a76e09114e221567d03f34ca26e6d67ae2c27d8fe3c",
                "sha256:9729642884147ee9db67b5a06a355890663d21f76ed608a56ac2ad98b94d201a",
                "sha256:a6087ecb0714f7c59eb24c22781491e6f1cfffb660b4740e167625ca4f052056",
                "sha256:aa74aaa26eaa5012b0a01deeaa8a777595d0835d3d6c7175f2ac65435a7324d2",
                "sha256:ab5e6312213b8cfb9dca93dd46a0f4dccb856541f91d3306227c3d92f7659245",
                "sha256:b5a24f5d2c22852d807d2b42daf3a61740820b28d8381daaf59dcb7055bf1a79",
                "sha256:bb695c2025d122a101c2aca66d2b78813c321b60d3a7c86bb8ec4467bb53b0f9",
                "sha256:d330da34f59f1653c5193f9fe3a3a258977c880746db7f155fc33713ea858db5",
                "sha256:d9c8fa28dfd75753d9cf62769ba1fecd7e73a0be187f35cc6f54076f98aa3f3f",
                "sha256:df4f7864606fa843d7e7c0e6af288f034a2160dba14e6ccc09020a3cf67cb092",
                "sha256:e31b95ac603415887c9f0d344cb523889cf779bc52d68e27e2d23c358958fec7",
                "sha256:e332c2d9b806083d1797231280602340c5c913f90d4caa0213a6a54679ce9331",
                "sha256:f5f537f7d000de4a1708c63400755152b862cd4926bb81a86568e347c19c364b"
            ],
            "index": "pypi",
            "markers": "python_version >= '3.9'",
            "version": "==0.14.4"
        },
        "threadpoolctl": {
            "hashes": [
                "sha256:082433502dd922bf738de0d8bcc4fdcbf0979ff44c42bd40f5af8a282f6fa107",
                "sha256:56c1e26c150397e58c4926da8eeee87533b1e32bef131bd4bf6a2f45f3185467"
            ],
            "markers": "python_version >= '3.8'",
            "version": "==3.5.0"
        },
        "traitlets": {
            "hashes": [
                "sha256:9ed0579d3502c94b4b3732ac120375cda96f923114522847de4b3bb98b96b6b7",
                "sha256:b74e89e397b1ed28cc831db7aea759ba6640cb3de13090ca145426688ff1ac4f"
            ],
            "markers": "python_version >= '3.8'",
            "version": "==5.14.3"
        },
        "typing-extensions": {
            "hashes": [
                "sha256:04e5ca0351e0f3f85c6853954072df659d0d13fac324d0072316b67d7794700d",
                "sha256:1a7ead55c7e559dd4dee8856e3a88b41225abfe1ce8df57b7c13915fe121ffb8"
            ],
            "index": "pypi",
            "markers": "python_version >= '3.8'",
            "version": "==4.12.2"
        },
        "tzdata": {
            "hashes": [
                "sha256:7d85cc416e9382e69095b7bdf4afd9e3880418a2413feec7069d533d6b4e31cc",
                "sha256:a48093786cdcde33cad18c2555e8532f34422074448fbc874186f0abd79565cd"
            ],
            "markers": "python_version >= '2'",
            "version": "==2024.2"
        },
        "versioneer": {
            "extras": [
                "toml"
            ],
            "hashes": [
                "sha256:0f1a137bb5d6811e96a79bb0486798aeae9b9c6efc24b389659cebb0ee396cb9",
                "sha256:5ab283b9857211d61b53318b7c792cf68e798e765ee17c27ade9f6c924235731"
            ],
            "markers": "python_version >= '3.7'",
            "version": "==0.29"
        },
        "wcwidth": {
            "hashes": [
                "sha256:3da69048e4540d84af32131829ff948f1e022c1c6bdb8d6102117aac784f6859",
                "sha256:72ea0c06399eb286d978fdedb6923a9eb47e1c486ce63e9b4e64fc18303972b5"
            ],
            "version": "==0.2.13"
        },
        "wrapt": {
            "hashes": [
                "sha256:0d2691979e93d06a95a26257adb7bfd0c93818e89b1406f5a28f36e0d8c1e1fc",
                "sha256:14d7dc606219cdd7405133c713f2c218d4252f2a469003f8c46bb92d5d095d81",
                "sha256:1a5db485fe2de4403f13fafdc231b0dbae5eca4359232d2efc79025527375b09",
                "sha256:1acd723ee2a8826f3d53910255643e33673e1d11db84ce5880675954183ec47e",
                "sha256:1ca9b6085e4f866bd584fb135a041bfc32cab916e69f714a7d1d397f8c4891ca",
                "sha256:1dd50a2696ff89f57bd8847647a1c363b687d3d796dc30d4dd4a9d1689a706f0",
                "sha256:2076fad65c6736184e77d7d4729b63a6d1ae0b70da4868adeec40989858eb3fb",
                "sha256:2a88e6010048489cda82b1326889ec075a8c856c2e6a256072b28eaee3ccf487",
                "sha256:3ebf019be5c09d400cf7b024aa52b1f3aeebeff51550d007e92c3c1c4afc2a40",
                "sha256:418abb18146475c310d7a6dc71143d6f7adec5b004ac9ce08dc7a34e2babdc5c",
                "sha256:43aa59eadec7890d9958748db829df269f0368521ba6dc68cc172d5d03ed8060",
                "sha256:44a2754372e32ab315734c6c73b24351d06e77ffff6ae27d2ecf14cf3d229202",
                "sha256:490b0ee15c1a55be9c1bd8609b8cecd60e325f0575fc98f50058eae366e01f41",
                "sha256:49aac49dc4782cb04f58986e81ea0b4768e4ff197b57324dcbd7699c5dfb40b9",
                "sha256:5eb404d89131ec9b4f748fa5cfb5346802e5ee8836f57d516576e61f304f3b7b",
                "sha256:5f15814a33e42b04e3de432e573aa557f9f0f56458745c2074952f564c50e664",
                "sha256:5f370f952971e7d17c7d1ead40e49f32345a7f7a5373571ef44d800d06b1899d",
                "sha256:66027d667efe95cc4fa945af59f92c5a02c6f5bb6012bff9e60542c74c75c362",
                "sha256:66dfbaa7cfa3eb707bbfcd46dab2bc6207b005cbc9caa2199bcbc81d95071a00",
                "sha256:685f568fa5e627e93f3b52fda002c7ed2fa1800b50ce51f6ed1d572d8ab3e7fc",
                "sha256:6906c4100a8fcbf2fa735f6059214bb13b97f75b1a61777fcf6432121ef12ef1",
                "sha256:6a42cd0cfa8ffc1915aef79cb4284f6383d8a3e9dcca70c445dcfdd639d51267",
                "sha256:6dcfcffe73710be01d90cae08c3e548d90932d37b39ef83969ae135d36ef3956",
                "sha256:6f6eac2360f2d543cc875a0e5efd413b6cbd483cb3ad7ebf888884a6e0d2e966",
                "sha256:72554a23c78a8e7aa02abbd699d129eead8b147a23c56e08d08dfc29cfdddca1",
                "sha256:73870c364c11f03ed072dda68ff7aea6d2a3a5c3fe250d917a429c7432e15228",
                "sha256:73aa7d98215d39b8455f103de64391cb79dfcad601701a3aa0dddacf74911d72",
                "sha256:75ea7d0ee2a15733684badb16de6794894ed9c55aa5e9903260922f0482e687d",
                "sha256:7bd2d7ff69a2cac767fbf7a2b206add2e9a210e57947dd7ce03e25d03d2de292",
                "sha256:807cc8543a477ab7422f1120a217054f958a66ef7314f76dd9e77d3f02cdccd0",
                "sha256:8e9723528b9f787dc59168369e42ae1c3b0d3fadb2f1a71de14531d321ee05b0",
                "sha256:9090c9e676d5236a6948330e83cb89969f433b1943a558968f659ead07cb3b36",
                "sha256:9153ed35fc5e4fa3b2fe97bddaa7cbec0ed22412b85bcdaf54aeba92ea37428c",
                "sha256:9159485323798c8dc530a224bd3ffcf76659319ccc7bbd52e01e73bd0241a0c5",
                "sha256:941988b89b4fd6b41c3f0bfb20e92bd23746579736b7343283297c4c8cbae68f",
                "sha256:94265b00870aa407bd0cbcfd536f17ecde43b94fb8d228560a1e9d3041462d73",
                "sha256:98b5e1f498a8ca1858a1cdbffb023bfd954da4e3fa2c0cb5853d40014557248b",
                "sha256:9b201ae332c3637a42f02d1045e1d0cccfdc41f1f2f801dafbaa7e9b4797bfc2",
                "sha256:a0ea261ce52b5952bf669684a251a66df239ec6d441ccb59ec7afa882265d593",
                "sha256:a33a747400b94b6d6b8a165e4480264a64a78c8a4c734b62136062e9a248dd39",
                "sha256:a452f9ca3e3267cd4d0fcf2edd0d035b1934ac2bd7e0e57ac91ad6b95c0c6389",
                "sha256:a86373cf37cd7764f2201b76496aba58a52e76dedfaa698ef9e9688bfd9e41cf",
                "sha256:ac83a914ebaf589b69f7d0a1277602ff494e21f4c2f743313414378f8f50a4cf",
                "sha256:aefbc4cb0a54f91af643660a0a150ce2c090d3652cf4052a5397fb2de549cd89",
                "sha256:b3646eefa23daeba62643a58aac816945cadc0afaf21800a1421eeba5f6cfb9c",
                "sha256:b47cfad9e9bbbed2339081f4e346c93ecd7ab504299403320bf85f7f85c7d46c",
                "sha256:b935ae30c6e7400022b50f8d359c03ed233d45b725cfdd299462f41ee5ffba6f",
                "sha256:bb2dee3874a500de01c93d5c71415fcaef1d858370d405824783e7a8ef5db440",
                "sha256:bc57efac2da352a51cc4658878a68d2b1b67dbe9d33c36cb826ca449d80a8465",
                "sha256:bf5703fdeb350e36885f2875d853ce13172ae281c56e509f4e6eca049bdfb136",
                "sha256:c31f72b1b6624c9d863fc095da460802f43a7c6868c5dda140f51da24fd47d7b",
                "sha256:c5cd603b575ebceca7da5a3a251e69561bec509e0b46e4993e1cac402b7247b8",
                "sha256:d2efee35b4b0a347e0d99d28e884dfd82797852d62fcd7ebdeee26f3ceb72cf3",
                "sha256:d462f28826f4657968ae51d2181a074dfe03c200d6131690b7d65d55b0f360f8",
                "sha256:d5e49454f19ef621089e204f862388d29e6e8d8b162efce05208913dde5b9ad6",
                "sha256:da4813f751142436b075ed7aa012a8778aa43a99f7b36afe9b742d3ed8bdc95e",
                "sha256:db2e408d983b0e61e238cf579c09ef7020560441906ca990fe8412153e3b291f",
                "sha256:db98ad84a55eb09b3c32a96c576476777e87c520a34e2519d3e59c44710c002c",
                "sha256:dbed418ba5c3dce92619656802cc5355cb679e58d0d89b50f116e4a9d5a9603e",
                "sha256:dcdba5c86e368442528f7060039eda390cc4091bfd1dca41e8046af7c910dda8",
                "sha256:decbfa2f618fa8ed81c95ee18a387ff973143c656ef800c9f24fb7e9c16054e2",
                "sha256:e4fdb9275308292e880dcbeb12546df7f3e0f96c6b41197e0cf37d2826359020",
                "sha256:eb1b046be06b0fce7249f1d025cd359b4b80fc1c3e24ad9eca33e0dcdb2e4a35",
                "sha256:eb6e651000a19c96f452c85132811d25e9264d836951022d6e81df2fff38337d",
                "sha256:ed867c42c268f876097248e05b6117a65bcd1e63b779e916fe2e33cd6fd0d3c3",
                "sha256:edfad1d29c73f9b863ebe7082ae9321374ccb10879eeabc84ba3b69f2579d537",
                "sha256:f2058f813d4f2b5e3a9eb2eb3faf8f1d99b81c3e51aeda4b168406443e8ba809",
                "sha256:f6b2d0c6703c988d334f297aa5df18c45e97b0af3679bb75059e0e0bd8b1069d",
                "sha256:f8212564d49c50eb4565e502814f694e240c55551a5f1bc841d4fcaabb0a9b8a",
                "sha256:ffa565331890b90056c01db69c0fe634a776f8019c143a5ae265f9c6bc4bd6d4"
            ],
            "index": "pypi",
            "markers": "python_version >= '3.6'",
            "version": "==1.16.0"
        }
    },
    "develop": {}
}
